{
  "nodes": {
    "nixpkgs": {
      "locked": {
        "lastModified": 1780749050,
        "narHash": "sha256-3av0pIjlOWQ6rDbNOmpUSvbNnJkGORQKKjb4LtCZsIY=",
        "owner": "NixOS",
        "repo": "nixpkgs",
        "rev": "a799d3e3886da994fa307f817a6bc705ae538eeb",
        "type": "github"
      },
      "original": {
        "owner": "NixOS",
        "ref": "nixos-unstable",
        "repo": "nixpkgs",
        "type": "github"
      }
    },
    "nuget-packageslock2nix": {
      "inputs": {
        "nixpkgs": [
          "nixpkgs"
        ]
      },
      "locked": {
        "lastModified": 1780719993,
        "narHash": "sha256-3gls0VFoMZIeZBzgQ/VQjKUQE1BO1tRMITdUaHphH5s=",
        "owner": "mdarocha",
        "repo": "nuget-packageslock2nix",
        "rev": "17ec397cd003ade07f6254c421320774cbc4e58a",
        "type": "github"
      },
      "original": {
        "owner": "mdarocha",
        "ref": "main",
        "repo": "nuget-packageslock2nix",
        "type": "github"
      }
    },
    "root": {
      "inputs": {
        "nixpkgs": "nixpkgs",
        "nuget-packageslock2nix": "nuget-packageslock2nix"
      }
    }
  },
  "root": "root",
  "version": 7
}
